
Microsoft Visual Studio Solution File, Format Version 12.00
# Visual Studio Version 17
VisualStudioVersion = 17.2.32519.379
MinimumVisualStudioVersion = 10.0.40219.1
Project("{8BC9CEB8-8B4A-11D0-8D11-00A0C91BC942}") = "Project2", "Project2\Project2.vcxproj", "{AD87825F-3A9E-44DA-8B7B-B3F2FF360C46}"
EndProject
Project("{8BC9CEB8-8B4A-11D0-8D11-00A0C91BC942}") = "Section5_Challenge_MySolution", "Section5_Challenge_MySolution\Section5_Challenge_MySolution.vcxproj", "{3931F110-9B32-4715-8EFE-5E2DB2A4C31F}"
EndProject
Project("{8BC9CEB8-8B4A-11D0-8D11-00A0C91BC942}") = "Project1", "Project1\cpp-oop-exercises-part1.vcxproj", "{A1F07035-CCD2-4364-BCA3-ABFCDD1438FB}"
EndProject
Project("{8BC9CEB8-8B4A-11D0-8D11-00A0C91BC942}") = "Section4_NumberInput", "Section4_NumberInput\NumberInput.vcxproj", "{FD2CBFB4-3911-4AAE-AA86-B9D703385134}"
EndProject
Project("{8BC9CEB8-8B4A-11D0-8D11-00A0C91BC942}") = "Section6_Exc4", "Section6_Exc4\Section6_Exc4.vcxproj", "{83E226B8-721C-406B-B950-D8F1B4B2E9B7}"
EndProject
Project("{8BC9CEB8-8B4A-11D0-8D11-00A0C91BC942}") = "Section4_Challenge_MySolution", "Section4_Challenge_MySolution\Section4Challenge.vcxproj", "{0E0A8764-AFE6-4961-8ADC-F67F42F1DB83}"
EndProject
Project("{8BC9CEB8-8B4A-11D0-8D11-00A0C91BC942}") = "Section6_Challenge_MySolution", "Section6_Challenge_MySolution\Section6_Challenge_MySolution.vcxproj", "{6A158F28-72C7-40E1-90D1-45FC3C67FA74}"
EndProject
Project("{8BC9CEB8-8B4A-11D0-8D11-00A0C91BC942}") = "Section7_Challenge_MySolution", "Section7_Challenge_MySolution\Section7_Challenge_MySolution.vcxproj", "{57FEAD9C-385D-437D-B62F-561229265A8C}"
EndProject
Project("{8BC9CEB8-8B4A-11D0-8D11-00A0C91BC942}") = "Section8_Challenge_MySolution", "Section8_Challenge_MySolution\Section8_Challenge_MySolution.vcxproj", "{632CEE4E-C3C5-4D6B-97C5-9F34D9A31FD0}"
EndProject
Project("{8BC9CEB8-8B4A-11D0-8D11-00A0C91BC942}") = "Section9_Challenge_MySolution", "Section9_Challenge_MySolution\Section9_Challenge_MySolution.vcxproj", "{350497B3-3C4D-44B1-A482-EC6220E40E53}"
EndProject
Global
	GlobalSection(SolutionConfigurationPlatforms) = preSolution
		Debug|x64 = Debug|x64
		Debug|x86 = Debug|x86
		Release|x64 = Release|x64
		Release|x86 = Release|x86
	EndGlobalSection
	GlobalSection(ProjectConfigurationPlatforms) = postSolution
		{AD87825F-3A9E-44DA-8B7B-B3F2FF360C46}.Debug|x64.ActiveCfg = Debug|x64
		{AD87825F-3A9E-44DA-8B7B-B3F2FF360C46}.Debug|x64.Build.0 = Debug|x64
		{AD87825F-3A9E-44DA-8B7B-B3F2FF360C46}.Debug|x86.ActiveCfg = Debug|Win32
		{AD87825F-3A9E-44DA-8B7B-B3F2FF360C46}.Debug|x86.Build.0 = Debug|Win32
		{AD87825F-3A9E-44DA-8B7B-B3F2FF360C46}.Release|x64.ActiveCfg = Release|x64
		{AD87825F-3A9E-44DA-8B7B-B3F2FF360C46}.Release|x64.Build.0 = Release|x64
		{AD87825F-3A9E-44DA-8B7B-B3F2FF360C46}.Release|x86.ActiveCfg = Release|Win32
		{AD87825F-3A9E-44DA-8B7B-B3F2FF360C46}.Release|x86.Build.0 = Release|Win32
		{3931F110-9B32-4715-8EFE-5E2DB2A4C31F}.Debug|x64.ActiveCfg = Debug|x64
		{3931F110-9B32-4715-8EFE-5E2DB2A4C31F}.Debug|x64.Build.0 = Debug|x64
		{3931F110-9B32-4715-8EFE-5E2DB2A4C31F}.Debug|x86.ActiveCfg = Debug|Win32
		{3931F110-9B32-4715-8EFE-5E2DB2A4C31F}.Debug|x86.Build.0 = Debug|Win32
		{3931F110-9B32-4715-8EFE-5E2DB2A4C31F}.Release|x64.ActiveCfg = Release|x64
		{3931F110-9B32-4715-8EFE-5E2DB2A4C31F}.Release|x64.Build.0 = Release|x64
		{3931F110-9B32-4715-8EFE-5E2DB2A4C31F}.Release|x86.ActiveCfg = Release|Win32
		{3931F110-9B32-4715-8EFE-5E2DB2A4C31F}.Release|x86.Build.0 = Release|Win32
		{A1F07035-CCD2-4364-BCA3-ABFCDD1438FB}.Debug|x64.ActiveCfg = Debug|x64
		{A1F07035-CCD2-4364-BCA3-ABFCDD1438FB}.Debug|x64.Build.0 = Debug|x64
		{A1F07035-CCD2-4364-BCA3-ABFCDD1438FB}.Debug|x86.ActiveCfg = Debug|Win32
		{A1F07035-CCD2-4364-BCA3-ABFCDD1438FB}.Debug|x86.Build.0 = Debug|Win32
		{A1F07035-CCD2-4364-BCA3-ABFCDD1438FB}.Release|x64.ActiveCfg = Release|x64
		{A1F07035-CCD2-4364-BCA3-ABFCDD1438FB}.Release|x64.Build.0 = Release|x64
		{A1F07035-CCD2-4364-BCA3-ABFCDD1438FB}.Release|x86.ActiveCfg = Release|Win32
		{A1F07035-CCD2-4364-BCA3-ABFCDD1438FB}.Release|x86.Build.0 = Release|Win32
		{FD2CBFB4-3911-4AAE-AA86-B9D703385134}.Debug|x64.ActiveCfg = Debug|x64
		{FD2CBFB4-3911-4AAE-AA86-B9D703385134}.Debug|x64.Build.0 = Debug|x64
		{FD2CBFB4-3911-4AAE-AA86-B9D703385134}.Debug|x86.ActiveCfg = Debug|Win32
		{FD2CBFB4-3911-4AAE-AA86-B9D703385134}.Debug|x86.Build.0 = Debug|Win32
		{FD2CBFB4-3911-4AAE-AA86-B9D703385134}.Release|x64.ActiveCfg = Release|x64
		{FD2CBFB4-3911-4AAE-AA86-B9D703385134}.Release|x64.Build.0 = Release|x64
		{FD2CBFB4-3911-4AAE-AA86-B9D703385134}.Release|x86.ActiveCfg = Release|Win32
		{FD2CBFB4-3911-4AAE-AA86-B9D703385134}.Release|x86.Build.0 = Release|Win32
		{83E226B8-721C-406B-B950-D8F1B4B2E9B7}.Debug|x64.ActiveCfg = Debug|x64
		{83E226B8-721C-406B-B950-D8F1B4B2E9B7}.Debug|x64.Build.0 = Debug|x64
		{83E226B8-721C-406B-B950-D8F1B4B2E9B7}.Debug|x86.ActiveCfg = Debug|Win32
		{83E226B8-721C-406B-B950-D8F1B4B2E9B7}.Debug|x86.Build.0 = Debug|Win32
		{83E226B8-721C-406B-B950-D8F1B4B2E9B7}.Release|x64.ActiveCfg = Release|x64
		{83E226B8-721C-406B-B950-D8F1B4B2E9B7}.Release|x64.Build.0 = Release|x64
		{83E226B8-721C-406B-B950-D8F1B4B2E9B7}.Release|x86.ActiveCfg = Release|Win32
		{83E226B8-721C-406B-B950-D8F1B4B2E9B7}.Release|x86.Build.0 = Release|Win32
		{0E0A8764-AFE6-4961-8ADC-F67F42F1DB83}.Debug|x64.ActiveCfg = Debug|x64
		{0E0A8764-AFE6-4961-8ADC-F67F42F1DB83}.Debug|x64.Build.0 = Debug|x64
		{0E0A8764-AFE6-4961-8ADC-F67F42F1DB83}.Debug|x86.ActiveCfg = Debug|Win32
		{0E0A8764-AFE6-4961-8ADC-F67F42F1DB83}.Debug|x86.Build.0 = Debug|Win32
		{0E0A8764-AFE6-4961-8ADC-F67F42F1DB83}.Release|x64.ActiveCfg = Release|x64
		{0E0A8764-AFE6-4961-8ADC-F67F42F1DB83}.Release|x64.Build.0 = Release|x64
		{0E0A8764-AFE6-4961-8ADC-F67F42F1DB83}.Release|x86.ActiveCfg = Release|Win32
		{0E0A8764-AFE6-4961-8ADC-F67F42F1DB83}.Release|x86.Build.0 = Release|Win32
		{6A158F28-72C7-40E1-90D1-45FC3C67FA74}.Debug|x64.ActiveCfg = Debug|x64
		{6A158F28-72C7-40E1-90D1-45FC3C67FA74}.Debug|x64.Build.0 = Debug|x64
		{6A158F28-72C7-40E1-90D1-45FC3C67FA74}.Debug|x86.ActiveCfg = Debug|Win32
		{6A158F28-72C7-40E1-90D1-45FC3C67FA74}.Debug|x86.Build.0 = Debug|Win32
		{6A158F28-72C7-40E1-90D1-45FC3C67FA74}.Release|x64.ActiveCfg = Release|x64
		{6A158F28-72C7-40E1-90D1-45FC3C67FA74}.Release|x64.Build.0 = Release|x64
		{6A158F28-72C7-40E1-90D1-45FC3C67FA74}.Release|x86.ActiveCfg = Release|Win32
		{6A158F28-72C7-40E1-90D1-45FC3C67FA74}.Release|x86.Build.0 = Release|Win32
		{57FEAD9C-385D-437D-B62F-561229265A8C}.Debug|x64.ActiveCfg = Debug|x64
		{57FEAD9C-385D-437D-B62F-561229265A8C}.Debug|x64.Build.0 = Debug|x64
		{57FEAD9C-385D-437D-B62F-561229265A8C}.Debug|x86.ActiveCfg = Debug|Win32
		{57FEAD9C-385D-437D-B62F-561229265A8C}.Debug|x86.Build.0 = Debug|Win32
		{57FEAD9C-385D-437D-B62F-561229265A8C}.Release|x64.ActiveCfg = Release|x64
		{57FEAD9C-385D-437D-B62F-561229265A8C}.Release|x64.Build.0 = Release|x64
		{57FEAD9C-385D-437D-B62F-561229265A8C}.Release|x86.ActiveCfg = Release|Win32
		{57FEAD9C-385D-437D-B62F-561229265A8C}.Release|x86.Build.0 = Release|Win32
		{632CEE4E-C3C5-4D6B-97C5-9F34D9A31FD0}.Debug|x64.ActiveCfg = Debug|x64
		{632CEE4E-C3C5-4D6B-97C5-9F34D9A31FD0}.Debug|x64.Build.0 = Debug|x64
		{632CEE4E-C3C5-4D6B-97C5-9F34D9A31FD0}.Debug|x86.ActiveCfg = Debug|Win32
		{632CEE4E-C3C5-4D6B-97C5-9F34D9A31FD0}.Debug|x86.Build.0 = Debug|Win32
		{632CEE4E-C3C5-4D6B-97C5-9F34D9A31FD0}.Release|x64.ActiveCfg = Release|x64
		{632CEE4E-C3C5-4D6B-97C5-9F34D9A31FD0}.Release|x64.Build.0 = Release|x64
		{632CEE4E-C3C5-4D6B-97C5-9F34D9A31FD0}.Release|x86.ActiveCfg = Release|Win32
		{632CEE4E-C3C5-4D6B-97C5-9F34D9A31FD0}.Release|x86.Build.0 = Release|Win32
		{350497B3-3C4D-44B1-A482-EC6220E40E53}.Debug|x64.ActiveCfg = Debug|x64
		{350497B3-3C4D-44B1-A482-EC6220E40E53}.Debug|x64.Build.0 = Debug|x64
		{350497B3-3C4D-44B1-A482-EC6220E40E53}.Debug|x86.ActiveCfg = Debug|Win32
		{350497B3-3C4D-44B1-A482-EC6220E40E53}.Debug|x86.Build.0 = Debug|Win32
		{350497B3-3C4D-44B1-A482-EC6220E40E53}.Release|x64.ActiveCfg = Release|x64
		{350497B3-3C4D-44B1-A482-EC6220E40E53}.Release|x64.Build.0 = Release|x64
		{350497B3-3C4D-44B1-A482-EC6220E40E53}.Release|x86.ActiveCfg = Release|Win32
		{350497B3-3C4D-44B1-A482-EC6220E40E53}.Release|x86.Build.0 = Release|Win32
	EndGlobalSection
	GlobalSection(SolutionProperties) = preSolution
		HideSolutionNode = FALSE
	EndGlobalSection
	GlobalSection(ExtensibilityGlobals) = postSolution
		SolutionGuid = {341DA2BD-507C-4E80-91AE-698A62F47A59}
	EndGlobalSection
EndGlobal
